
Microsoft Visual Studio Solution File, Format Version 12.00
# Visual Studio Version 17
VisualStudioVersion = 17.2.32616.157
MinimumVisualStudioVersion = 10.0.40219.1
Project("{9A19103F-16F7-4668-BE54-9A1E7A4F7556}") = "CarRent", "src\CarRent.csproj", "{495C92D0-8746-4BF2-8F5C-6C0342D3A5EF}"
EndProject
Project("{9A19103F-16F7-4668-BE54-9A1E7A4F7556}") = "CarRent.Tests", "tests\CarRent.Tests.csproj", "{C0ECEDD6-01C2-4A44-AE68-6AFAD0AF31FF}"
EndProject
Project("{2150E333-8FDC-42A3-9474-1A3956D46DE8}") = "Solution Items", "Solution Items", "{DFA91C8F-647B-41A2-BC0C-35F5636746C0}"
	ProjectSection(SolutionItems) = preProject
		..\docs\index.md = ..\docs\index.md
	EndProjectSection
EndProject
Global
	GlobalSection(SolutionConfigurationPlatforms) = preSolution
		Debug|Any CPU = Debug|Any CPU
		Release|Any CPU = Release|Any CPU
	EndGlobalSection
	GlobalSection(ProjectConfigurationPlatforms) = postSolution
		{495C92D0-8746-4BF2-8F5C-6C0342D3A5EF}.Debug|Any CPU.ActiveCfg = Debug|Any CPU
		{495C92D0-8746-4BF2-8F5C-6C0342D3A5EF}.Debug|Any CPU.Build.0 = Debug|Any CPU
		{495C92D0-8746-4BF2-8F5C-6C0342D3A5EF}.Release|Any CPU.ActiveCfg = Release|Any CPU
		{495C92D0-8746-4BF2-8F5C-6C0342D3A5EF}.Release|Any CPU.Build.0 = Release|Any CPU
		{C0ECEDD6-01C2-4A44-AE68-6AFAD0AF31FF}.Debug|Any CPU.ActiveCfg = Debug|Any CPU
		{C0ECEDD6-01C2-4A44-AE68-6AFAD0AF31FF}.Debug|Any CPU.Build.0 = Debug|Any CPU
		{C0ECEDD6-01C2-4A44-AE68-6AFAD0AF31FF}.Release|Any CPU.ActiveCfg = Release|Any CPU
		{C0ECEDD6-01C2-4A44-AE68-6AFAD0AF31FF}.Release|Any CPU.Build.0 = Release|Any CPU
	EndGlobalSection
	GlobalSection(SolutionProperties) = preSolution
		HideSolutionNode = FALSE
	EndGlobalSection
	GlobalSection(ExtensibilityGlobals) = postSolution
		SolutionGuid = {41382A4C-8F55-468B-8083-64F3243655F4}
	EndGlobalSection
EndGlobal
